{
  "name": "wex-demo",
  "version": "0.0.1",
  "lockfileVersion": 1,
  "requires": true,
  "dependencies": {
    "typescript": {
      "version": "2.6.1",
      "resolved": "http://registry.npm.taobao.org/typescript/download/typescript-2.6.1.tgz",
      "integrity": "sha1-7znN6ierrAtQAkLWcmq5DgyEZjE=",
      "dev": true
    },
    "wex-core": {
      "version": "0.0.4",
      "resolved": "http://registry.npm.taobao.org/wex-core/download/wex-core-0.0.4.tgz",
      "integrity": "sha1-/leC1ddw90pSg/CSktLkaEU4+AE=",
      "dev": true
    }
  }
}
